{
  "originHash" : "e67e427de5a5557f1a0ae78fb064b547f287d965299898eeb6db9c4d0632ba8f",
  "pins" : [
    {
      "identity" : "codescanner",
      "kind" : "remoteSourceControl",
      "location" : "https://github.com/twostraws/CodeScanner.git",
      "state" : {
        "revision" : "944a6a1ca030dbd890e647a678e718fc2115d35c",
        "version" : "2.4.1"
      }
    }
  ],
  "version" : 3
}
