// !$*UTF8*$!
{
	archiveVersion = 1;
	classes = {
	};
	objectVersion = 56;
	objects = {

/* Begin PBXBuildFile section */
		2BBB5C972BC92276007A6833 /* FireBaseExampleApp.swift in Sources */ = {isa = PBXBuildFile; fileRef = 2BBB5C962BC92276007A6833 /* FireBaseExampleApp.swift */; };
		2BBB5C9B2BC92277007A6833 /* Assets.xcassets in Resources */ = {isa = PBXBuildFile; fileRef = 2BBB5C9A2BC92277007A6833 /* Assets.xcassets */; };
		2BBB5C9F2BC92277007A6833 /* Preview Assets.xcassets in Resources */ = {isa = PBXBuildFile; fileRef = 2BBB5C9E2BC92277007A6833 /* Preview Assets.xcassets */; };
		2BBB5CA62BC92684007A6833 /* GoogleService-Info.plist in Resources */ = {isa = PBXBuildFile; fileRef = 2BBB5CA52BC92684007A6833 /* GoogleService-Info.plist */; };
		2BBB5CA92BC92873007A6833 /* FirebaseAnalytics in Frameworks */ = {isa = PBXBuildFile; productRef = 2BBB5CA82BC92873007A6833 /* FirebaseAnalytics */; };
		2BBB5CAB2BC92873007A6833 /* FirebaseAnalyticsSwift in Frameworks */ = {isa = PBXBuildFile; productRef = 2BBB5CAA2BC92873007A6833 /* FirebaseAnalyticsSwift */; };
		2BBB5CAE2BC95197007A6833 /* FirebaseAuth in Frameworks */ = {isa = PBXBuildFile; productRef = 2BBB5CAD2BC95197007A6833 /* FirebaseAuth */; };
		2BBB5CB12BC95391007A6833 /* AuthenticationView.swift in Sources */ = {isa = PBXBuildFile; fileRef = 2BBB5CB02BC95391007A6833 /* AuthenticationView.swift */; };
		2BBB5CB32BC95407007A6833 /* SignInEmailView.swift in Sources */ = {isa = PBXBuildFile; fileRef = 2BBB5CB22BC95407007A6833 /* SignInEmailView.swift */; };
		2BBB5CB52BC9564C007A6833 /* AuthenticationManager.swift in Sources */ = {isa = PBXBuildFile; fileRef = 2BBB5CB42BC9564C007A6833 /* AuthenticationManager.swift */; };
		2BBB5CB72BC961C1007A6833 /* RootView.swift in Sources */ = {isa = PBXBuildFile; fileRef = 2BBB5CB62BC961C1007A6833 /* RootView.swift */; };
		2BBB5CB92BC96356007A6833 /* SettingsView.swift in Sources */ = {isa = PBXBuildFile; fileRef = 2BBB5CB82BC96356007A6833 /* SettingsView.swift */; };
		2BBB5CBD2BCA48ED007A6833 /* FirebaseFirestore in Frameworks */ = {isa = PBXBuildFile; productRef = 2BBB5CBC2BCA48ED007A6833 /* FirebaseFirestore */; };
		2BBB5CBF2BCA48ED007A6833 /* FirebaseFirestoreSwift in Frameworks */ = {isa = PBXBuildFile; productRef = 2BBB5CBE2BCA48ED007A6833 /* FirebaseFirestoreSwift */; };
		2BBB5CC42BCA4A08007A6833 /* SignInEmailViewModel.swift in Sources */ = {isa = PBXBuildFile; fileRef = 2BBB5CC32BCA4A08007A6833 /* SignInEmailViewModel.swift */; };
		2BBB5CC82BCA4A8A007A6833 /* ProfileView.swift in Sources */ = {isa = PBXBuildFile; fileRef = 2BBB5CC72BCA4A8A007A6833 /* ProfileView.swift */; };
		2BBB5CCB2BCA515D007A6833 /* UserManager.swift in Sources */ = {isa = PBXBuildFile; fileRef = 2BBB5CCA2BCA515D007A6833 /* UserManager.swift */; };
		2BC7ED332BCAED360024E2F6 /* Utilties.swift in Sources */ = {isa = PBXBuildFile; fileRef = 2BC7ED322BCAED360024E2F6 /* Utilties.swift */; };
		2BC7ED362BCAEDF00024E2F6 /* ProductsView.swift in Sources */ = {isa = PBXBuildFile; fileRef = 2BC7ED352BCAEDF00024E2F6 /* ProductsView.swift */; };
		2BC7ED382BCAEF770024E2F6 /* ProductsManager.swift in Sources */ = {isa = PBXBuildFile; fileRef = 2BC7ED372BCAEF770024E2F6 /* ProductsManager.swift */; };
		2BC7ED3B2BCAF71E0024E2F6 /* ProductCellView.swift in Sources */ = {isa = PBXBuildFile; fileRef = 2BC7ED3A2BCAF71E0024E2F6 /* ProductCellView.swift */; };
		2BC7ED3E2BCBC6EE0024E2F6 /* TabbarView.swift in Sources */ = {isa = PBXBuildFile; fileRef = 2BC7ED3D2BCBC6EE0024E2F6 /* TabbarView.swift */; };
		2BC7ED412BCBC9710024E2F6 /* FavoriteView.swift in Sources */ = {isa = PBXBuildFile; fileRef = 2BC7ED402BCBC9710024E2F6 /* FavoriteView.swift */; };
		2BC7ED432BCBD94F0024E2F6 /* ProductCellViewBuilder.swift in Sources */ = {isa = PBXBuildFile; fileRef = 2BC7ED422BCBD94F0024E2F6 /* ProductCellViewBuilder.swift */; };
		2BC7ED462BCC09210024E2F6 /* Query+EXT.swift in Sources */ = {isa = PBXBuildFile; fileRef = 2BC7ED452BCC09210024E2F6 /* Query+EXT.swift */; };
		2BC7ED4A2BCC09880024E2F6 /* OnFirstAppearViewModifier.swift in Sources */ = {isa = PBXBuildFile; fileRef = 2BC7ED492BCC09880024E2F6 /* OnFirstAppearViewModifier.swift */; };
		2BC7ED4C2BCC09CC0024E2F6 /* FavoriteViewModel.swift in Sources */ = {isa = PBXBuildFile; fileRef = 2BC7ED4B2BCC09CC0024E2F6 /* FavoriteViewModel.swift */; };
		2BC7ED4E2BCC09FF0024E2F6 /* ProductViewModel.swift in Sources */ = {isa = PBXBuildFile; fileRef = 2BC7ED4D2BCC09FF0024E2F6 /* ProductViewModel.swift */; };
/* End PBXBuildFile section */

/* Begin PBXFileReference section */
		2BBB5C932BC92276007A6833 /* FireBaseExample.app */ = {isa = PBXFileReference; explicitFileType = wrapper.application; includeInIndex = 0; path = FireBaseExample.app; sourceTree = BUILT_PRODUCTS_DIR; };
		2BBB5C962BC92276007A6833 /* FireBaseExampleApp.swift */ = {isa = PBXFileReference; lastKnownFileType = sourcecode.swift; path = FireBaseExampleApp.swift; sourceTree = "<group>"; };
		2BBB5C9A2BC92277007A6833 /* Assets.xcassets */ = {isa = PBXFileReference; lastKnownFileType = folder.assetcatalog; path = Assets.xcassets; sourceTree = "<group>"; };
		2BBB5C9C2BC92277007A6833 /* FireBaseExample.entitlements */ = {isa = PBXFileReference; lastKnownFileType = text.plist.entitlements; path = FireBaseExample.entitlements; sourceTree = "<group>"; };
		2BBB5C9E2BC92277007A6833 /* Preview Assets.xcassets */ = {isa = PBXFileReference; lastKnownFileType = folder.assetcatalog; path = "Preview Assets.xcassets"; sourceTree = "<group>"; };
		2BBB5CA52BC92684007A6833 /* GoogleService-Info.plist */ = {isa = PBXFileReference; fileEncoding = 4; lastKnownFileType = text.plist.xml; path = "GoogleService-Info.plist"; sourceTree = "<group>"; };
		2BBB5CB02BC95391007A6833 /* AuthenticationView.swift */ = {isa = PBXFileReference; lastKnownFileType = sourcecode.swift; path = AuthenticationView.swift; sourceTree = "<group>"; };
		2BBB5CB22BC95407007A6833 /* SignInEmailView.swift */ = {isa = PBXFileReference; lastKnownFileType = sourcecode.swift; path = SignInEmailView.swift; sourceTree = "<group>"; };
		2BBB5CB42BC9564C007A6833 /* AuthenticationManager.swift */ = {isa = PBXFileReference; lastKnownFileType = sourcecode.swift; path = AuthenticationManager.swift; sourceTree = "<group>"; };
		2BBB5CB62BC961C1007A6833 /* RootView.swift */ = {isa = PBXFileReference; lastKnownFileType = sourcecode.swift; path = RootView.swift; sourceTree = "<group>"; };
		2BBB5CB82BC96356007A6833 /* SettingsView.swift */ = {isa = PBXFileReference; lastKnownFileType = sourcecode.swift; path = SettingsView.swift; sourceTree = "<group>"; };
		2BBB5CC32BCA4A08007A6833 /* SignInEmailViewModel.swift */ = {isa = PBXFileReference; lastKnownFileType = sourcecode.swift; path = SignInEmailViewModel.swift; sourceTree = "<group>"; };
		2BBB5CC72BCA4A8A007A6833 /* ProfileView.swift */ = {isa = PBXFileReference; lastKnownFileType = sourcecode.swift; path = ProfileView.swift; sourceTree = "<group>"; };
		2BBB5CCA2BCA515D007A6833 /* UserManager.swift */ = {isa = PBXFileReference; lastKnownFileType = sourcecode.swift; path = UserManager.swift; sourceTree = "<group>"; };
		2BC7ED322BCAED360024E2F6 /* Utilties.swift */ = {isa = PBXFileReference; lastKnownFileType = sourcecode.swift; path = Utilties.swift; sourceTree = "<group>"; };
		2BC7ED352BCAEDF00024E2F6 /* ProductsView.swift */ = {isa = PBXFileReference; lastKnownFileType = sourcecode.swift; path = ProductsView.swift; sourceTree = "<group>"; };
		2BC7ED372BCAEF770024E2F6 /* ProductsManager.swift */ = {isa = PBXFileReference; lastKnownFileType = sourcecode.swift; path = ProductsManager.swift; sourceTree = "<group>"; };
		2BC7ED3A2BCAF71E0024E2F6 /* ProductCellView.swift */ = {isa = PBXFileReference; lastKnownFileType = sourcecode.swift; path = ProductCellView.swift; sourceTree = "<group>"; };
		2BC7ED3D2BCBC6EE0024E2F6 /* TabbarView.swift */ = {isa = PBXFileReference; lastKnownFileType = sourcecode.swift; path = TabbarView.swift; sourceTree = "<group>"; };
		2BC7ED402BCBC9710024E2F6 /* FavoriteView.swift */ = {isa = PBXFileReference; lastKnownFileType = sourcecode.swift; path = FavoriteView.swift; sourceTree = "<group>"; };
		2BC7ED422BCBD94F0024E2F6 /* ProductCellViewBuilder.swift */ = {isa = PBXFileReference; lastKnownFileType = sourcecode.swift; path = ProductCellViewBuilder.swift; sourceTree = "<group>"; };
		2BC7ED452BCC09210024E2F6 /* Query+EXT.swift */ = {isa = PBXFileReference; lastKnownFileType = sourcecode.swift; path = "Query+EXT.swift"; sourceTree = "<group>"; };
		2BC7ED492BCC09880024E2F6 /* OnFirstAppearViewModifier.swift */ = {isa = PBXFileReference; lastKnownFileType = sourcecode.swift; path = OnFirstAppearViewModifier.swift; sourceTree = "<group>"; };
		2BC7ED4B2BCC09CC0024E2F6 /* FavoriteViewModel.swift */ = {isa = PBXFileReference; lastKnownFileType = sourcecode.swift; path = FavoriteViewModel.swift; sourceTree = "<group>"; };
		2BC7ED4D2BCC09FF0024E2F6 /* ProductViewModel.swift */ = {isa = PBXFileReference; lastKnownFileType = sourcecode.swift; path = ProductViewModel.swift; sourceTree = "<group>"; };
/* End PBXFileReference section */

/* Begin PBXFrameworksBuildPhase section */
		2BBB5C902BC92276007A6833 /* Frameworks */ = {
			isa = PBXFrameworksBuildPhase;
			buildActionMask = 2147483647;
			files = (
				2BBB5CBF2BCA48ED007A6833 /* FirebaseFirestoreSwift in Frameworks */,
				2BBB5CAB2BC92873007A6833 /* FirebaseAnalyticsSwift in Frameworks */,
				2BBB5CBD2BCA48ED007A6833 /* FirebaseFirestore in Frameworks */,
				2BBB5CAE2BC95197007A6833 /* FirebaseAuth in Frameworks */,
				2BBB5CA92BC92873007A6833 /* FirebaseAnalytics in Frameworks */,
			);
			runOnlyForDeploymentPostprocessing = 0;
		};
/* End PBXFrameworksBuildPhase section */

/* Begin PBXGroup section */
		2BBB5C8A2BC92276007A6833 = {
			isa = PBXGroup;
			children = (
				2BBB5C952BC92276007A6833 /* FireBaseExample */,
				2BBB5C942BC92276007A6833 /* Products */,
				2BBB5CAC2BC95197007A6833 /* Frameworks */,
			);
			sourceTree = "<group>";
		};
		2BBB5C942BC92276007A6833 /* Products */ = {
			isa = PBXGroup;
			children = (
				2BBB5C932BC92276007A6833 /* FireBaseExample.app */,
			);
			name = Products;
			sourceTree = "<group>";
		};
		2BBB5C952BC92276007A6833 /* FireBaseExample */ = {
			isa = PBXGroup;
			children = (
				2BBB5C962BC92276007A6833 /* FireBaseExampleApp.swift */,
				2BBB5CC02BCA497E007A6833 /* Core */,
				2BBB5CAF2BC95348007A6833 /* Authentication */,
				2BBB5CC92BCA514E007A6833 /* Firestore */,
				2BC7ED312BCAED170024E2F6 /* Utilities */,
				2BBB5C9A2BC92277007A6833 /* Assets.xcassets */,
				2BBB5CA52BC92684007A6833 /* GoogleService-Info.plist */,
				2BBB5C9C2BC92277007A6833 /* FireBaseExample.entitlements */,
				2BBB5C9D2BC92277007A6833 /* Preview Content */,
			);
			path = FireBaseExample;
			sourceTree = "<group>";
		};
		2BBB5C9D2BC92277007A6833 /* Preview Content */ = {
			isa = PBXGroup;
			children = (
				2BBB5C9E2BC92277007A6833 /* Preview Assets.xcassets */,
			);
			path = "Preview Content";
			sourceTree = "<group>";
		};
		2BBB5CAC2BC95197007A6833 /* Frameworks */ = {
			isa = PBXGroup;
			children = (
			);
			name = Frameworks;
			sourceTree = "<group>";
		};
		2BBB5CAF2BC95348007A6833 /* Authentication */ = {
			isa = PBXGroup;
			children = (
				2BBB5CB42BC9564C007A6833 /* AuthenticationManager.swift */,
			);
			path = Authentication;
			sourceTree = "<group>";
		};
		2BBB5CC02BCA497E007A6833 /* Core */ = {
			isa = PBXGroup;
			children = (
				2BC7ED472BCC09640024E2F6 /* Components */,
				2BC7ED442BCC090A0024E2F6 /* Extension */,
				2BC7ED3F2BCBC9520024E2F6 /* Favorites */,
				2BBB5CB62BC961C1007A6833 /* RootView.swift */,
				2BC7ED3C2BCBC6DD0024E2F6 /* Tabbar */,
				2BC7ED342BCAEDDE0024E2F6 /* Products */,
				2BBB5CC62BCA4A80007A6833 /* Profile */,
				2BBB5CC22BCA49C9007A6833 /* Authentication */,
				2BBB5CC12BCA49BA007A6833 /* Settings */,
				2BBB5CC52BCA4A27007A6833 /* SignIn */,
			);
			path = Core;
			sourceTree = "<group>";
		};
		2BBB5CC12BCA49BA007A6833 /* Settings */ = {
			isa = PBXGroup;
			children = (
				2BBB5CB82BC96356007A6833 /* SettingsView.swift */,
			);
			path = Settings;
			sourceTree = "<group>";
		};
		2BBB5CC22BCA49C9007A6833 /* Authentication */ = {
			isa = PBXGroup;
			children = (
				2BBB5CB02BC95391007A6833 /* AuthenticationView.swift */,
			);
			path = Authentication;
			sourceTree = "<group>";
		};
		2BBB5CC52BCA4A27007A6833 /* SignIn */ = {
			isa = PBXGroup;
			children = (
				2BBB5CB22BC95407007A6833 /* SignInEmailView.swift */,
				2BBB5CC32BCA4A08007A6833 /* SignInEmailViewModel.swift */,
			);
			path = SignIn;
			sourceTree = "<group>";
		};
		2BBB5CC62BCA4A80007A6833 /* Profile */ = {
			isa = PBXGroup;
			children = (
				2BBB5CC72BCA4A8A007A6833 /* ProfileView.swift */,
			);
			path = Profile;
			sourceTree = "<group>";
		};
		2BBB5CC92BCA514E007A6833 /* Firestore */ = {
			isa = PBXGroup;
			children = (
				2BBB5CCA2BCA515D007A6833 /* UserManager.swift */,
				2BC7ED372BCAEF770024E2F6 /* ProductsManager.swift */,
			);
			path = Firestore;
			sourceTree = "<group>";
		};
		2BC7ED312BCAED170024E2F6 /* Utilities */ = {
			isa = PBXGroup;
			children = (
				2BC7ED322BCAED360024E2F6 /* Utilties.swift */,
			);
			path = Utilities;
			sourceTree = "<group>";
		};
		2BC7ED342BCAEDDE0024E2F6 /* Products */ = {
			isa = PBXGroup;
			children = (
				2BC7ED352BCAEDF00024E2F6 /* ProductsView.swift */,
				2BC7ED4D2BCC09FF0024E2F6 /* ProductViewModel.swift */,
				2BC7ED422BCBD94F0024E2F6 /* ProductCellViewBuilder.swift */,
				2BC7ED392BCAF70A0024E2F6 /* Subviews */,
			);
			path = Products;
			sourceTree = "<group>";
		};
		2BC7ED392BCAF70A0024E2F6 /* Subviews */ = {
			isa = PBXGroup;
			children = (
				2BC7ED3A2BCAF71E0024E2F6 /* ProductCellView.swift */,
			);
			path = Subviews;
			sourceTree = "<group>";
		};
		2BC7ED3C2BCBC6DD0024E2F6 /* Tabbar */ = {
			isa = PBXGroup;
			children = (
				2BC7ED3D2BCBC6EE0024E2F6 /* TabbarView.swift */,
			);
			path = Tabbar;
			sourceTree = "<group>";
		};
		2BC7ED3F2BCBC9520024E2F6 /* Favorites */ = {
			isa = PBXGroup;
			children = (
				2BC7ED402BCBC9710024E2F6 /* FavoriteView.swift */,
				2BC7ED4B2BCC09CC0024E2F6 /* FavoriteViewModel.swift */,
			);
			path = Favorites;
			sourceTree = "<group>";
		};
		2BC7ED442BCC090A0024E2F6 /* Extension */ = {
			isa = PBXGroup;
			children = (
				2BC7ED452BCC09210024E2F6 /* Query+EXT.swift */,
			);
			path = Extension;
			sourceTree = "<group>";
		};
		2BC7ED472BCC09640024E2F6 /* Components */ = {
			isa = PBXGroup;
			children = (
				2BC7ED482BCC09720024E2F6 /* ViewModifiers */,
			);
			path = Components;
			sourceTree = "<group>";
		};
		2BC7ED482BCC09720024E2F6 /* ViewModifiers */ = {
			isa = PBXGroup;
			children = (
				2BC7ED492BCC09880024E2F6 /* OnFirstAppearViewModifier.swift */,
			);
			path = ViewModifiers;
			sourceTree = "<group>";
		};
/* End PBXGroup section */

/* Begin PBXNativeTarget section */
		2BBB5C922BC92276007A6833 /* FireBaseExample */ = {
			isa = PBXNativeTarget;
			buildConfigurationList = 2BBB5CA22BC92277007A6833 /* Build configuration list for PBXNativeTarget "FireBaseExample" */;
			buildPhases = (
				2BBB5C8F2BC92276007A6833 /* Sources */,
				2BBB5C902BC92276007A6833 /* Frameworks */,
				2BBB5C912BC92276007A6833 /* Resources */,
			);
			buildRules = (
			);
			dependencies = (
			);
			name = FireBaseExample;
			packageProductDependencies = (
				2BBB5CA82BC92873007A6833 /* FirebaseAnalytics */,
				2BBB5CAA2BC92873007A6833 /* FirebaseAnalyticsSwift */,
				2BBB5CAD2BC95197007A6833 /* FirebaseAuth */,
				2BBB5CBC2BCA48ED007A6833 /* FirebaseFirestore */,
				2BBB5CBE2BCA48ED007A6833 /* FirebaseFirestoreSwift */,
			);
			productName = FireBaseExample;
			productReference = 2BBB5C932BC92276007A6833 /* FireBaseExample.app */;
			productType = "com.apple.product-type.application";
		};
/* End PBXNativeTarget section */

/* Begin PBXProject section */
		2BBB5C8B2BC92276007A6833 /* Project object */ = {
			isa = PBXProject;
			attributes = {
				BuildIndependentTargetsInParallel = 1;
				LastSwiftUpdateCheck = 1530;
				LastUpgradeCheck = 1530;
				TargetAttributes = {
					2BBB5C922BC92276007A6833 = {
						CreatedOnToolsVersion = 15.3;
					};
				};
			};
			buildConfigurationList = 2BBB5C8E2BC92276007A6833 /* Build configuration list for PBXProject "FireBaseExample" */;
			compatibilityVersion = "Xcode 14.0";
			developmentRegion = en;
			hasScannedForEncodings = 0;
			knownRegions = (
				en,
				Base,
			);
			mainGroup = 2BBB5C8A2BC92276007A6833;
			packageReferences = (
				2BBB5CA72BC92873007A6833 /* XCRemoteSwiftPackageReference "firebase-ios-sdk" */,
			);
			productRefGroup = 2BBB5C942BC92276007A6833 /* Products */;
			projectDirPath = "";
			projectRoot = "";
			targets = (
				2BBB5C922BC92276007A6833 /* FireBaseExample */,
			);
		};
/* End PBXProject section */

/* Begin PBXResourcesBuildPhase section */
		2BBB5C912BC92276007A6833 /* Resources */ = {
			isa = PBXResourcesBuildPhase;
			buildActionMask = 2147483647;
			files = (
				2BBB5C9F2BC92277007A6833 /* Preview Assets.xcassets in Resources */,
				2BBB5C9B2BC92277007A6833 /* Assets.xcassets in Resources */,
				2BBB5CA62BC92684007A6833 /* GoogleService-Info.plist in Resources */,
			);
			runOnlyForDeploymentPostprocessing = 0;
		};
/* End PBXResourcesBuildPhase section */

/* Begin PBXSourcesBuildPhase section */
		2BBB5C8F2BC92276007A6833 /* Sources */ = {
			isa = PBXSourcesBuildPhase;
			buildActionMask = 2147483647;
			files = (
				2BBB5CCB2BCA515D007A6833 /* UserManager.swift in Sources */,
				2BBB5CC82BCA4A8A007A6833 /* ProfileView.swift in Sources */,
				2BC7ED332BCAED360024E2F6 /* Utilties.swift in Sources */,
				2BBB5C972BC92276007A6833 /* FireBaseExampleApp.swift in Sources */,
				2BBB5CB12BC95391007A6833 /* AuthenticationView.swift in Sources */,
				2BBB5CB52BC9564C007A6833 /* AuthenticationManager.swift in Sources */,
				2BC7ED4A2BCC09880024E2F6 /* OnFirstAppearViewModifier.swift in Sources */,
				2BC7ED4C2BCC09CC0024E2F6 /* FavoriteViewModel.swift in Sources */,
				2BC7ED362BCAEDF00024E2F6 /* ProductsView.swift in Sources */,
				2BC7ED3B2BCAF71E0024E2F6 /* ProductCellView.swift in Sources */,
				2BC7ED3E2BCBC6EE0024E2F6 /* TabbarView.swift in Sources */,
				2BC7ED382BCAEF770024E2F6 /* ProductsManager.swift in Sources */,
				2BC7ED432BCBD94F0024E2F6 /* ProductCellViewBuilder.swift in Sources */,
				2BBB5CC42BCA4A08007A6833 /* SignInEmailViewModel.swift in Sources */,
				2BC7ED4E2BCC09FF0024E2F6 /* ProductViewModel.swift in Sources */,
				2BBB5CB92BC96356007A6833 /* SettingsView.swift in Sources */,
				2BBB5CB32BC95407007A6833 /* SignInEmailView.swift in Sources */,
				2BC7ED462BCC09210024E2F6 /* Query+EXT.swift in Sources */,
				2BC7ED412BCBC9710024E2F6 /* FavoriteView.swift in Sources */,
				2BBB5CB72BC961C1007A6833 /* RootView.swift in Sources */,
			);
			runOnlyForDeploymentPostprocessing = 0;
		};
/* End PBXSourcesBuildPhase section */

/* Begin XCBuildConfiguration section */
		2BBB5CA02BC92277007A6833 /* Debug */ = {
			isa = XCBuildConfiguration;
			buildSettings = {
				ALWAYS_SEARCH_USER_PATHS = NO;
				ASSETCATALOG_COMPILER_GENERATE_SWIFT_ASSET_SYMBOL_EXTENSIONS = YES;
				CLANG_ANALYZER_NONNULL = YES;
				CLANG_ANALYZER_NUMBER_OBJECT_CONVERSION = YES_AGGRESSIVE;
				CLANG_CXX_LANGUAGE_STANDARD = "gnu++20";
				CLANG_ENABLE_MODULES = YES;
				CLANG_ENABLE_OBJC_ARC = YES;
				CLANG_ENABLE_OBJC_WEAK = YES;
				CLANG_WARN_BLOCK_CAPTURE_AUTORELEASING = YES;
				CLANG_WARN_BOOL_CONVERSION = YES;
				CLANG_WARN_COMMA = YES;
				CLANG_WARN_CONSTANT_CONVERSION = YES;
				CLANG_WARN_DEPRECATED_OBJC_IMPLEMENTATIONS = YES;
				CLANG_WARN_DIRECT_OBJC_ISA_USAGE = YES_ERROR;
				CLANG_WARN_DOCUMENTATION_COMMENTS = YES;
				CLANG_WARN_EMPTY_BODY = YES;
				CLANG_WARN_ENUM_CONVERSION = YES;
				CLANG_WARN_INFINITE_RECURSION = YES;
				CLANG_WARN_INT_CONVERSION = YES;
				CLANG_WARN_NON_LITERAL_NULL_CONVERSION = YES;
				CLANG_WARN_OBJC_IMPLICIT_RETAIN_SELF = YES;
				CLANG_WARN_OBJC_LITERAL_CONVERSION = YES;
				CLANG_WARN_OBJC_ROOT_CLASS = YES_ERROR;
				CLANG_WARN_QUOTED_INCLUDE_IN_FRAMEWORK_HEADER = YES;
				CLANG_WARN_RANGE_LOOP_ANALYSIS = YES;
				CLANG_WARN_STRICT_PROTOTYPES = YES;
				CLANG_WARN_SUSPICIOUS_MOVE = YES;
				CLANG_WARN_UNGUARDED_AVAILABILITY = YES_AGGRESSIVE;
				CLANG_WARN_UNREACHABLE_CODE = YES;
				CLANG_WARN__DUPLICATE_METHOD_MATCH = YES;
				COPY_PHASE_STRIP = NO;
				DEBUG_INFORMATION_FORMAT = dwarf;
				ENABLE_STRICT_OBJC_MSGSEND = YES;
				ENABLE_TESTABILITY = YES;
				ENABLE_USER_SCRIPT_SANDBOXING = YES;
				GCC_C_LANGUAGE_STANDARD = gnu17;
				GCC_DYNAMIC_NO_PIC = NO;
				GCC_NO_COMMON_BLOCKS = YES;
				GCC_OPTIMIZATION_LEVEL = 0;
				GCC_PREPROCESSOR_DEFINITIONS = (
					"DEBUG=1",
					"$(inherited)",
				);
				GCC_WARN_64_TO_32_BIT_CONVERSION = YES;
				GCC_WARN_ABOUT_RETURN_TYPE = YES_ERROR;
				GCC_WARN_UNDECLARED_SELECTOR = YES;
				GCC_WARN_UNINITIALIZED_AUTOS = YES_AGGRESSIVE;
				GCC_WARN_UNUSED_FUNCTION = YES;
				GCC_WARN_UNUSED_VARIABLE = YES;
				LOCALIZATION_PREFERS_STRING_CATALOGS = YES;
				MTL_ENABLE_DEBUG_INFO = INCLUDE_SOURCE;
				MTL_FAST_MATH = YES;
				ONLY_ACTIVE_ARCH = YES;
				SWIFT_ACTIVE_COMPILATION_CONDITIONS = "DEBUG $(inherited)";
				SWIFT_OPTIMIZATION_LEVEL = "-Onone";
			};
			name = Debug;
		};
		2BBB5CA12BC92277007A6833 /* Release */ = {
			isa = XCBuildConfiguration;
			buildSettings = {
				ALWAYS_SEARCH_USER_PATHS = NO;
				ASSETCATALOG_COMPILER_GENERATE_SWIFT_ASSET_SYMBOL_EXTENSIONS = YES;
				CLANG_ANALYZER_NONNULL = YES;
				CLANG_ANALYZER_NUMBER_OBJECT_CONVERSION = YES_AGGRESSIVE;
				CLANG_CXX_LANGUAGE_STANDARD = "gnu++20";
				CLANG_ENABLE_MODULES = YES;
				CLANG_ENABLE_OBJC_ARC = YES;
				CLANG_ENABLE_OBJC_WEAK = YES;
				CLANG_WARN_BLOCK_CAPTURE_AUTORELEASING = YES;
				CLANG_WARN_BOOL_CONVERSION = YES;
				CLANG_WARN_COMMA = YES;
				CLANG_WARN_CONSTANT_CONVERSION = YES;
				CLANG_WARN_DEPRECATED_OBJC_IMPLEMENTATIONS = YES;
				CLANG_WARN_DIRECT_OBJC_ISA_USAGE = YES_ERROR;
				CLANG_WARN_DOCUMENTATION_COMMENTS = YES;
				CLANG_WARN_EMPTY_BODY = YES;
				CLANG_WARN_ENUM_CONVERSION = YES;
				CLANG_WARN_INFINITE_RECURSION = YES;
				CLANG_WARN_INT_CONVERSION = YES;
				CLANG_WARN_NON_LITERAL_NULL_CONVERSION = YES;
				CLANG_WARN_OBJC_IMPLICIT_RETAIN_SELF = YES;
				CLANG_WARN_OBJC_LITERAL_CONVERSION = YES;
				CLANG_WARN_OBJC_ROOT_CLASS = YES_ERROR;
				CLANG_WARN_QUOTED_INCLUDE_IN_FRAMEWORK_HEADER = YES;
				CLANG_WARN_RANGE_LOOP_ANALYSIS = YES;
				CLANG_WARN_STRICT_PROTOTYPES = YES;
				CLANG_WARN_SUSPICIOUS_MOVE = YES;
				CLANG_WARN_UNGUARDED_AVAILABILITY = YES_AGGRESSIVE;
				CLANG_WARN_UNREACHABLE_CODE = YES;
				CLANG_WARN__DUPLICATE_METHOD_MATCH = YES;
				COPY_PHASE_STRIP = NO;
				DEBUG_INFORMATION_FORMAT = "dwarf-with-dsym";
				ENABLE_NS_ASSERTIONS = NO;
				ENABLE_STRICT_OBJC_MSGSEND = YES;
				ENABLE_USER_SCRIPT_SANDBOXING = YES;
				GCC_C_LANGUAGE_STANDARD = gnu17;
				GCC_NO_COMMON_BLOCKS = YES;
				GCC_WARN_64_TO_32_BIT_CONVERSION = YES;
				GCC_WARN_ABOUT_RETURN_TYPE = YES_ERROR;
				GCC_WARN_UNDECLARED_SELECTOR = YES;
				GCC_WARN_UNINITIALIZED_AUTOS = YES_AGGRESSIVE;
				GCC_WARN_UNUSED_FUNCTION = YES;
				GCC_WARN_UNUSED_VARIABLE = YES;
				LOCALIZATION_PREFERS_STRING_CATALOGS = YES;
				MTL_ENABLE_DEBUG_INFO = NO;
				MTL_FAST_MATH = YES;
				SWIFT_COMPILATION_MODE = wholemodule;
			};
			name = Release;
		};
		2BBB5CA32BC92277007A6833 /* Debug */ = {
			isa = XCBuildConfiguration;
			buildSettings = {
				ASSETCATALOG_COMPILER_APPICON_NAME = AppIcon;
				ASSETCATALOG_COMPILER_GLOBAL_ACCENT_COLOR_NAME = AccentColor;
				CODE_SIGN_ENTITLEMENTS = FireBaseExample/FireBaseExample.entitlements;
				CODE_SIGN_STYLE = Automatic;
				CURRENT_PROJECT_VERSION = 1;
				DEVELOPMENT_ASSET_PATHS = "\"FireBaseExample/Preview Content\"";
				DEVELOPMENT_TEAM = 8HM2XMG9QM;
				ENABLE_HARDENED_RUNTIME = NO;
				ENABLE_PREVIEWS = YES;
				GENERATE_INFOPLIST_FILE = YES;
				"INFOPLIST_KEY_UIApplicationSceneManifest_Generation[sdk=iphoneos*]" = YES;
				"INFOPLIST_KEY_UIApplicationSceneManifest_Generation[sdk=iphonesimulator*]" = YES;
				"INFOPLIST_KEY_UIApplicationSupportsIndirectInputEvents[sdk=iphoneos*]" = YES;
				"INFOPLIST_KEY_UIApplicationSupportsIndirectInputEvents[sdk=iphonesimulator*]" = YES;
				"INFOPLIST_KEY_UILaunchScreen_Generation[sdk=iphoneos*]" = YES;
				"INFOPLIST_KEY_UILaunchScreen_Generation[sdk=iphonesimulator*]" = YES;
				"INFOPLIST_KEY_UIStatusBarStyle[sdk=iphoneos*]" = UIStatusBarStyleDefault;
				"INFOPLIST_KEY_UIStatusBarStyle[sdk=iphonesimulator*]" = UIStatusBarStyleDefault;
				INFOPLIST_KEY_UISupportedInterfaceOrientations_iPad = "UIInterfaceOrientationPortrait UIInterfaceOrientationPortraitUpsideDown UIInterfaceOrientationLandscapeLeft UIInterfaceOrientationLandscapeRight";
				INFOPLIST_KEY_UISupportedInterfaceOrientations_iPhone = "UIInterfaceOrientationPortrait UIInterfaceOrientationLandscapeLeft UIInterfaceOrientationLandscapeRight";
				IPHONEOS_DEPLOYMENT_TARGET = 17.4;
				LD_RUNPATH_SEARCH_PATHS = "@executable_path/Frameworks";
				"LD_RUNPATH_SEARCH_PATHS[sdk=macosx*]" = "@executable_path/../Frameworks";
				MACOSX_DEPLOYMENT_TARGET = 14.4;
				MARKETING_VERSION = 1.0;
				PRODUCT_BUNDLE_IDENTIFIER = "iOS-Developer.FireBaseExample";
				PRODUCT_NAME = "$(TARGET_NAME)";
				SDKROOT = auto;
				SUPPORTED_PLATFORMS = "iphoneos iphonesimulator macosx";
				SWIFT_EMIT_LOC_STRINGS = YES;
				SWIFT_VERSION = 5.0;
				TARGETED_DEVICE_FAMILY = "1,2";
			};
			name = Debug;
		};
		2BBB5CA42BC92277007A6833 /* Release */ = {
			isa = XCBuildConfiguration;
			buildSettings = {
				ASSETCATALOG_COMPILER_APPICON_NAME = AppIcon;
				ASSETCATALOG_COMPILER_GLOBAL_ACCENT_COLOR_NAME = AccentColor;
				CODE_SIGN_ENTITLEMENTS = FireBaseExample/FireBaseExample.entitlements;
				CODE_SIGN_STYLE = Automatic;
				CURRENT_PROJECT_VERSION = 1;
				DEVELOPMENT_ASSET_PATHS = "\"FireBaseExample/Preview Content\"";
				DEVELOPMENT_TEAM = 8HM2XMG9QM;
				ENABLE_HARDENED_RUNTIME = NO;
				ENABLE_PREVIEWS = YES;
				GENERATE_INFOPLIST_FILE = YES;
				"INFOPLIST_KEY_UIApplicationSceneManifest_Generation[sdk=iphoneos*]" = YES;
				"INFOPLIST_KEY_UIApplicationSceneManifest_Generation[sdk=iphonesimulator*]" = YES;
				"INFOPLIST_KEY_UIApplicationSupportsIndirectInputEvents[sdk=iphoneos*]" = YES;
				"INFOPLIST_KEY_UIApplicationSupportsIndirectInputEvents[sdk=iphonesimulator*]" = YES;
				"INFOPLIST_KEY_UILaunchScreen_Generation[sdk=iphoneos*]" = YES;
				"INFOPLIST_KEY_UILaunchScreen_Generation[sdk=iphonesimulator*]" = YES;
				"INFOPLIST_KEY_UIStatusBarStyle[sdk=iphoneos*]" = UIStatusBarStyleDefault;
				"INFOPLIST_KEY_UIStatusBarStyle[sdk=iphonesimulator*]" = UIStatusBarStyleDefault;
				INFOPLIST_KEY_UISupportedInterfaceOrientations_iPad = "UIInterfaceOrientationPortrait UIInterfaceOrientationPortraitUpsideDown UIInterfaceOrientationLandscapeLeft UIInterfaceOrientationLandscapeRight";
				INFOPLIST_KEY_UISupportedInterfaceOrientations_iPhone = "UIInterfaceOrientationPortrait UIInterfaceOrientationLandscapeLeft UIInterfaceOrientationLandscapeRight";
				IPHONEOS_DEPLOYMENT_TARGET = 17.4;
				LD_RUNPATH_SEARCH_PATHS = "@executable_path/Frameworks";
				"LD_RUNPATH_SEARCH_PATHS[sdk=macosx*]" = "@executable_path/../Frameworks";
				MACOSX_DEPLOYMENT_TARGET = 14.4;
				MARKETING_VERSION = 1.0;
				PRODUCT_BUNDLE_IDENTIFIER = "iOS-Developer.FireBaseExample";
				PRODUCT_NAME = "$(TARGET_NAME)";
				SDKROOT = auto;
				SUPPORTED_PLATFORMS = "iphoneos iphonesimulator macosx";
				SWIFT_EMIT_LOC_STRINGS = YES;
				SWIFT_VERSION = 5.0;
				TARGETED_DEVICE_FAMILY = "1,2";
			};
			name = Release;
		};
/* End XCBuildConfiguration section */

/* Begin XCConfigurationList section */
		2BBB5C8E2BC92276007A6833 /* Build configuration list for PBXProject "FireBaseExample" */ = {
			isa = XCConfigurationList;
			buildConfigurations = (
				2BBB5CA02BC92277007A6833 /* Debug */,
				2BBB5CA12BC92277007A6833 /* Release */,
			);
			defaultConfigurationIsVisible = 0;
			defaultConfigurationName = Release;
		};
		2BBB5CA22BC92277007A6833 /* Build configuration list for PBXNativeTarget "FireBaseExample" */ = {
			isa = XCConfigurationList;
			buildConfigurations = (
				2BBB5CA32BC92277007A6833 /* Debug */,
				2BBB5CA42BC92277007A6833 /* Release */,
			);
			defaultConfigurationIsVisible = 0;
			defaultConfigurationName = Release;
		};
/* End XCConfigurationList section */

/* Begin XCRemoteSwiftPackageReference section */
		2BBB5CA72BC92873007A6833 /* XCRemoteSwiftPackageReference "firebase-ios-sdk" */ = {
			isa = XCRemoteSwiftPackageReference;
			repositoryURL = "https://github.com/firebase/firebase-ios-sdk";
			requirement = {
				kind = upToNextMajorVersion;
				minimumVersion = 10.24.0;
			};
		};
/* End XCRemoteSwiftPackageReference section */

/* Begin XCSwiftPackageProductDependency section */
		2BBB5CA82BC92873007A6833 /* FirebaseAnalytics */ = {
			isa = XCSwiftPackageProductDependency;
			package = 2BBB5CA72BC92873007A6833 /* XCRemoteSwiftPackageReference "firebase-ios-sdk" */;
			productName = FirebaseAnalytics;
		};
		2BBB5CAA2BC92873007A6833 /* FirebaseAnalyticsSwift */ = {
			isa = XCSwiftPackageProductDependency;
			package = 2BBB5CA72BC92873007A6833 /* XCRemoteSwiftPackageReference "firebase-ios-sdk" */;
			productName = FirebaseAnalyticsSwift;
		};
		2BBB5CAD2BC95197007A6833 /* FirebaseAuth */ = {
			isa = XCSwiftPackageProductDependency;
			package = 2BBB5CA72BC92873007A6833 /* XCRemoteSwiftPackageReference "firebase-ios-sdk" */;
			productName = FirebaseAuth;
		};
		2BBB5CBC2BCA48ED007A6833 /* FirebaseFirestore */ = {
			isa = XCSwiftPackageProductDependency;
			package = 2BBB5CA72BC92873007A6833 /* XCRemoteSwiftPackageReference "firebase-ios-sdk" */;
			productName = FirebaseFirestore;
		};
		2BBB5CBE2BCA48ED007A6833 /* FirebaseFirestoreSwift */ = {
			isa = XCSwiftPackageProductDependency;
			package = 2BBB5CA72BC92873007A6833 /* XCRemoteSwiftPackageReference "firebase-ios-sdk" */;
			productName = FirebaseFirestoreSwift;
		};
/* End XCSwiftPackageProductDependency section */
	};
	rootObject = 2BBB5C8B2BC92276007A6833 /* Project object */;
}
